
Microsoft Visual Studio Solution File, Format Version 12.00
# Visual Studio Version 16
VisualStudioVersion = 16.0.32228.343
MinimumVisualStudioVersion = 10.0.40219.1
Project("{FAE04EC0-301F-11D3-BF4B-00C04F79EFBC}") = "StarDetector", "StarDetector\StarDetector.csproj", "{7AE31B76-5E50-4A67-9568-339BA0FB599F}"
EndProject
Global
	GlobalSection(SolutionConfigurationPlatforms) = preSolution
		Debug|Any CPU = Debug|Any CPU
		Release|Any CPU = Release|Any CPU
	EndGlobalSection
	GlobalSection(ProjectConfigurationPlatforms) = postSolution
		{7AE31B76-5E50-4A67-9568-339BA0FB599F}.Debug|Any CPU.ActiveCfg = Debug|Any CPU
		{7AE31B76-5E50-4A67-9568-339BA0FB599F}.Debug|Any CPU.Build.0 = Debug|Any CPU
		{7AE31B76-5E50-4A67-9568-339BA0FB599F}.Release|Any CPU.ActiveCfg = Release|Any CPU
		{7AE31B76-5E50-4A67-9568-339BA0FB599F}.Release|Any CPU.Build.0 = Release|Any CPU
	EndGlobalSection
	GlobalSection(SolutionProperties) = preSolution
		HideSolutionNode = FALSE
	EndGlobalSection
	GlobalSection(ExtensibilityGlobals) = postSolution
		SolutionGuid = {231C7925-9F9E-43FD-B508-098290E1A306}
	EndGlobalSection
EndGlobal
